
Microsoft Visual Studio Solution File, Format Version 12.00
# Visual Studio Version 17
VisualStudioVersion = 17.3.32929.385
MinimumVisualStudioVersion = 10.0.40219.1
Project("{FAE04EC0-301F-11D3-BF4B-00C04F79EFBC}") = "Buscar el valor mas grande en un vector", "Buscar el valor mas grande en un vector\Buscar el valor mas grande en un vector.csproj", "{791A7DE3-6BAC-4C20-B61B-244EC8CF5380}"
EndProject
Global
	GlobalSection(SolutionConfigurationPlatforms) = preSolution
		Debug|Any CPU = Debug|Any CPU
		Release|Any CPU = Release|Any CPU
	EndGlobalSection
	GlobalSection(ProjectConfigurationPlatforms) = postSolution
		{791A7DE3-6BAC-4C20-B61B-244EC8CF5380}.Debug|Any CPU.ActiveCfg = Debug|Any CPU
		{791A7DE3-6BAC-4C20-B61B-244EC8CF5380}.Debug|Any CPU.Build.0 = Debug|Any CPU
		{791A7DE3-6BAC-4C20-B61B-244EC8CF5380}.Release|Any CPU.ActiveCfg = Release|Any CPU
		{791A7DE3-6BAC-4C20-B61B-244EC8CF5380}.Release|Any CPU.Build.0 = Release|Any CPU
	EndGlobalSection
	GlobalSection(SolutionProperties) = preSolution
		HideSolutionNode = FALSE
	EndGlobalSection
	GlobalSection(ExtensibilityGlobals) = postSolution
		SolutionGuid = {C480C2C7-6E70-429C-818C-845B9B26077D}
	EndGlobalSection
EndGlobal
